
Microsoft Visual Studio Solution File, Format Version 12.00
# Visual Studio Version 17
VisualStudioVersion = 17.14.36310.24 d17.14
MinimumVisualStudioVersion = 10.0.40219.1
Project("{8BC9CEB8-8B4A-11D0-8D11-00A0C91BC942}") = "ConsoleApplication2", "ConsoleApplication2\ConsoleApplication2.vcxproj", "{B30D8499-E921-4D0A-99B0-AAC6DF1AAEE5}"
EndProject
Global
	GlobalSection(SolutionConfigurationPlatforms) = preSolution
		Debug|x64 = Debug|x64
		Debug|x86 = Debug|x86
		Release|x64 = Release|x64
		Release|x86 = Release|x86
	EndGlobalSection
	GlobalSection(ProjectConfigurationPlatforms) = postSolution
		{B30D8499-E921-4D0A-99B0-AAC6DF1AAEE5}.Debug|x64.ActiveCfg = Debug|x64
		{B30D8499-E921-4D0A-99B0-AAC6DF1AAEE5}.Debug|x64.Build.0 = Debug|x64
		{B30D8499-E921-4D0A-99B0-AAC6DF1AAEE5}.Debug|x86.ActiveCfg = Debug|Win32
		{B30D8499-E921-4D0A-99B0-AAC6DF1AAEE5}.Debug|x86.Build.0 = Debug|Win32
		{B30D8499-E921-4D0A-99B0-AAC6DF1AAEE5}.Release|x64.ActiveCfg = Release|x64
		{B30D8499-E921-4D0A-99B0-AAC6DF1AAEE5}.Release|x64.Build.0 = Release|x64
		{B30D8499-E921-4D0A-99B0-AAC6DF1AAEE5}.Release|x86.ActiveCfg = Release|Win32
		{B30D8499-E921-4D0A-99B0-AAC6DF1AAEE5}.Release|x86.Build.0 = Release|Win32
	EndGlobalSection
	GlobalSection(SolutionProperties) = preSolution
		HideSolutionNode = FALSE
	EndGlobalSection
	GlobalSection(ExtensibilityGlobals) = postSolution
		SolutionGuid = {15CB153E-6991-4F42-9B64-37D111E2D156}
	EndGlobalSection
EndGlobal
